
Microsoft Visual Studio Solution File, Format Version 12.00
# Visual Studio Version 17
VisualStudioVersion = 17.0.32014.148
MinimumVisualStudioVersion = 10.0.40219.1
Project("{FAE04EC0-301F-11D3-BF4B-00C04F79EFBC}") = "Ado.NetAdvAddressBook", "Ado.NetAdvAddressBook\Ado.NetAdvAddressBook.csproj", "{7CE71DC4-A247-4749-8FEE-8E16BF18C3C0}"
EndProject
Global
	GlobalSection(SolutionConfigurationPlatforms) = preSolution
		Debug|Any CPU = Debug|Any CPU
		Release|Any CPU = Release|Any CPU
	EndGlobalSection
	GlobalSection(ProjectConfigurationPlatforms) = postSolution
		{7CE71DC4-A247-4749-8FEE-8E16BF18C3C0}.Debug|Any CPU.ActiveCfg = Debug|Any CPU
		{7CE71DC4-A247-4749-8FEE-8E16BF18C3C0}.Debug|Any CPU.Build.0 = Debug|Any CPU
		{7CE71DC4-A247-4749-8FEE-8E16BF18C3C0}.Release|Any CPU.ActiveCfg = Release|Any CPU
		{7CE71DC4-A247-4749-8FEE-8E16BF18C3C0}.Release|Any CPU.Build.0 = Release|Any CPU
	EndGlobalSection
	GlobalSection(SolutionProperties) = preSolution
		HideSolutionNode = FALSE
	EndGlobalSection
	GlobalSection(ExtensibilityGlobals) = postSolution
		SolutionGuid = {40A233D6-0AFB-4944-94C9-D15C3587AA98}
	EndGlobalSection
EndGlobal
